// !$*UTF8*$!
{
	archiveVersion = 1;
	classes = {
	};
	objectVersion = 55;
	objects = {

/* Begin PBXBuildFile section */
		048F8FA82869C7C70087B7D4 /* AppDelegate.swift in Sources */ = {isa = PBXBuildFile; fileRef = 048F8FA72869C7C70087B7D4 /* AppDelegate.swift */; };
		048F8FAA2869C7C70087B7D4 /* SceneDelegate.swift in Sources */ = {isa = PBXBuildFile; fileRef = 048F8FA92869C7C70087B7D4 /* SceneDelegate.swift */; };
		048F8FAC2869C7C70087B7D4 /* RegisterViewController.swift in Sources */ = {isa = PBXBuildFile; fileRef = 048F8FAB2869C7C70087B7D4 /* RegisterViewController.swift */; };
		048F8FAF2869C7C70087B7D4 /* Main.storyboard in Resources */ = {isa = PBXBuildFile; fileRef = 048F8FAD2869C7C70087B7D4 /* Main.storyboard */; };
		048F8FB22869C7C70087B7D4 /* basicnoteapp_EmirAlkal.xcdatamodeld in Sources */ = {isa = PBXBuildFile; fileRef = 048F8FB02869C7C70087B7D4 /* basicnoteapp_EmirAlkal.xcdatamodeld */; };
		048F8FB42869C7C80087B7D4 /* Assets.xcassets in Resources */ = {isa = PBXBuildFile; fileRef = 048F8FB32869C7C80087B7D4 /* Assets.xcassets */; };
		048F8FB72869C7C80087B7D4 /* LaunchScreen.storyboard in Resources */ = {isa = PBXBuildFile; fileRef = 048F8FB52869C7C80087B7D4 /* LaunchScreen.storyboard */; };
		048F8FC22869C7C80087B7D4 /* basicnoteapp_EmirAlkalTests.swift in Sources */ = {isa = PBXBuildFile; fileRef = 048F8FC12869C7C80087B7D4 /* basicnoteapp_EmirAlkalTests.swift */; };
		048F8FCC2869C7C80087B7D4 /* basicnoteapp_EmirAlkalUITests.swift in Sources */ = {isa = PBXBuildFile; fileRef = 048F8FCB2869C7C80087B7D4 /* basicnoteapp_EmirAlkalUITests.swift */; };
		048F8FCE2869C7C80087B7D4 /* basicnoteapp_EmirAlkalUITestsLaunchTests.swift in Sources */ = {isa = PBXBuildFile; fileRef = 048F8FCD2869C7C80087B7D4 /* basicnoteapp_EmirAlkalUITestsLaunchTests.swift */; };
		5E9082AB099910AD4B34D75A /* Pods_basicnoteapp_EmirAlkal.framework in Frameworks */ = {isa = PBXBuildFile; fileRef = 96B37AAE9A7AD79BA646EE7A /* Pods_basicnoteapp_EmirAlkal.framework */; };
		A32457DC2870411700A929E6 /* CustomTextField.swift in Sources */ = {isa = PBXBuildFile; fileRef = A32457DB2870411700A929E6 /* CustomTextField.swift */; };
		A32457DF2870725700A929E6 /* RegisterViewController+Ext.swift in Sources */ = {isa = PBXBuildFile; fileRef = A32457DE2870725700A929E6 /* RegisterViewController+Ext.swift */; };
		A32457E128707A5400A929E6 /* NetworkManager.swift in Sources */ = {isa = PBXBuildFile; fileRef = A32457E028707A5400A929E6 /* NetworkManager.swift */; };
		A32457E328707AEF00A929E6 /* RegisterModel.swift in Sources */ = {isa = PBXBuildFile; fileRef = A32457E228707AEF00A929E6 /* RegisterModel.swift */; };
		A330F75F2870E33E00A52B8F /* KeychainItemAccessibility.swift in Sources */ = {isa = PBXBuildFile; fileRef = A330F75D2870E33E00A52B8F /* KeychainItemAccessibility.swift */; };
		A330F7602870E33E00A52B8F /* KeychainWrapper.swift in Sources */ = {isa = PBXBuildFile; fileRef = A330F75E2870E33E00A52B8F /* KeychainWrapper.swift */; };
		A33F21632870875700CE9457 /* RegisterResponseModel.swift in Sources */ = {isa = PBXBuildFile; fileRef = A33F21622870875700CE9457 /* RegisterResponseModel.swift */; };
		A3C2CC9D2874CF5C002CA074 /* UITextField+Ext.swift in Sources */ = {isa = PBXBuildFile; fileRef = A3C2CC9C2874CF5C002CA074 /* UITextField+Ext.swift */; };
		D410DE98F7D5BDF0852CB4D4 /* Pods_basicnoteapp_EmirAlkalTests.framework in Frameworks */ = {isa = PBXBuildFile; fileRef = 3CBA4DE9102EEA1C7542780A /* Pods_basicnoteapp_EmirAlkalTests.framework */; };
		F26F4EB497D3C4C7A5D6D1D5 /* Pods_basicnoteapp_EmirAlkal_basicnoteapp_EmirAlkalUITests.framework in Frameworks */ = {isa = PBXBuildFile; fileRef = 216EDE9F32AC863D96724B66 /* Pods_basicnoteapp_EmirAlkal_basicnoteapp_EmirAlkalUITests.framework */; };
/* End PBXBuildFile section */

/* Begin PBXContainerItemProxy section */
		048F8FBE2869C7C80087B7D4 /* PBXContainerItemProxy */ = {
			isa = PBXContainerItemProxy;
			containerPortal = 048F8F9C2869C7C70087B7D4 /* Project object */;
			proxyType = 1;
			remoteGlobalIDString = 048F8FA32869C7C70087B7D4;
			remoteInfo = "basicnoteapp-EmirAlkal";
		};
		048F8FC82869C7C80087B7D4 /* PBXContainerItemProxy */ = {
			isa = PBXContainerItemProxy;
			containerPortal = 048F8F9C2869C7C70087B7D4 /* Project object */;
			proxyType = 1;
			remoteGlobalIDString = 048F8FA32869C7C70087B7D4;
			remoteInfo = "basicnoteapp-EmirAlkal";
		};
/* End PBXContainerItemProxy section */

/* Begin PBXFileReference section */
		048F8FA42869C7C70087B7D4 /* basicnoteapp-EmirAlkal.app */ = {isa = PBXFileReference; explicitFileType = wrapper.application; includeInIndex = 0; path = "basicnoteapp-EmirAlkal.app"; sourceTree = BUILT_PRODUCTS_DIR; };
		048F8FA72869C7C70087B7D4 /* AppDelegate.swift */ = {isa = PBXFileReference; lastKnownFileType = sourcecode.swift; path = AppDelegate.swift; sourceTree = "<group>"; };
		048F8FA92869C7C70087B7D4 /* SceneDelegate.swift */ = {isa = PBXFileReference; lastKnownFileType = sourcecode.swift; path = SceneDelegate.swift; sourceTree = "<group>"; };
		048F8FAB2869C7C70087B7D4 /* RegisterViewController.swift */ = {isa = PBXFileReference; lastKnownFileType = sourcecode.swift; path = RegisterViewController.swift; sourceTree = "<group>"; };
		048F8FAE2869C7C70087B7D4 /* Base */ = {isa = PBXFileReference; lastKnownFileType = file.storyboard; name = Base; path = Base.lproj/Main.storyboard; sourceTree = "<group>"; };
		048F8FB12869C7C70087B7D4 /* basicnoteapp_EmirAlkal.xcdatamodel */ = {isa = PBXFileReference; lastKnownFileType = wrapper.xcdatamodel; path = basicnoteapp_EmirAlkal.xcdatamodel; sourceTree = "<group>"; };
		048F8FB32869C7C80087B7D4 /* Assets.xcassets */ = {isa = PBXFileReference; lastKnownFileType = folder.assetcatalog; path = Assets.xcassets; sourceTree = "<group>"; };
		048F8FB62869C7C80087B7D4 /* Base */ = {isa = PBXFileReference; lastKnownFileType = file.storyboard; name = Base; path = Base.lproj/LaunchScreen.storyboard; sourceTree = "<group>"; };
		048F8FB82869C7C80087B7D4 /* Info.plist */ = {isa = PBXFileReference; lastKnownFileType = text.plist.xml; path = Info.plist; sourceTree = "<group>"; };
		048F8FBD2869C7C80087B7D4 /* basicnoteapp-EmirAlkalTests.xctest */ = {isa = PBXFileReference; explicitFileType = wrapper.cfbundle; includeInIndex = 0; path = "basicnoteapp-EmirAlkalTests.xctest"; sourceTree = BUILT_PRODUCTS_DIR; };
		048F8FC12869C7C80087B7D4 /* basicnoteapp_EmirAlkalTests.swift */ = {isa = PBXFileReference; lastKnownFileType = sourcecode.swift; path = basicnoteapp_EmirAlkalTests.swift; sourceTree = "<group>"; };
		048F8FC72869C7C80087B7D4 /* basicnoteapp-EmirAlkalUITests.xctest */ = {isa = PBXFileReference; explicitFileType = wrapper.cfbundle; includeInIndex = 0; path = "basicnoteapp-EmirAlkalUITests.xctest"; sourceTree = BUILT_PRODUCTS_DIR; };
		048F8FCB2869C7C80087B7D4 /* basicnoteapp_EmirAlkalUITests.swift */ = {isa = PBXFileReference; lastKnownFileType = sourcecode.swift; path = basicnoteapp_EmirAlkalUITests.swift; sourceTree = "<group>"; };
		048F8FCD2869C7C80087B7D4 /* basicnoteapp_EmirAlkalUITestsLaunchTests.swift */ = {isa = PBXFileReference; lastKnownFileType = sourcecode.swift; path = basicnoteapp_EmirAlkalUITestsLaunchTests.swift; sourceTree = "<group>"; };
		0B2E24C5C940BFB65ABFFFD8 /* Pods-basicnoteapp-EmirAlkalTests.release.xcconfig */ = {isa = PBXFileReference; includeInIndex = 1; lastKnownFileType = text.xcconfig; name = "Pods-basicnoteapp-EmirAlkalTests.release.xcconfig"; path = "Target Support Files/Pods-basicnoteapp-EmirAlkalTests/Pods-basicnoteapp-EmirAlkalTests.release.xcconfig"; sourceTree = "<group>"; };
		216EDE9F32AC863D96724B66 /* Pods_basicnoteapp_EmirAlkal_basicnoteapp_EmirAlkalUITests.framework */ = {isa = PBXFileReference; explicitFileType = wrapper.framework; includeInIndex = 0; path = Pods_basicnoteapp_EmirAlkal_basicnoteapp_EmirAlkalUITests.framework; sourceTree = BUILT_PRODUCTS_DIR; };
		2FD3F999E13D68F36BDB71B5 /* Pods-basicnoteapp-EmirAlkal-basicnoteapp-EmirAlkalUITests.release.xcconfig */ = {isa = PBXFileReference; includeInIndex = 1; lastKnownFileType = text.xcconfig; name = "Pods-basicnoteapp-EmirAlkal-basicnoteapp-EmirAlkalUITests.release.xcconfig"; path = "Target Support Files/Pods-basicnoteapp-EmirAlkal-basicnoteapp-EmirAlkalUITests/Pods-basicnoteapp-EmirAlkal-basicnoteapp-EmirAlkalUITests.release.xcconfig"; sourceTree = "<group>"; };
		360AC32B6888AEF0F68ACF21 /* Pods-basicnoteapp-EmirAlkal-basicnoteapp-EmirAlkalUITests.debug.xcconfig */ = {isa = PBXFileReference; includeInIndex = 1; lastKnownFileType = text.xcconfig; name = "Pods-basicnoteapp-EmirAlkal-basicnoteapp-EmirAlkalUITests.debug.xcconfig"; path = "Target Support Files/Pods-basicnoteapp-EmirAlkal-basicnoteapp-EmirAlkalUITests/Pods-basicnoteapp-EmirAlkal-basicnoteapp-EmirAlkalUITests.debug.xcconfig"; sourceTree = "<group>"; };
		3CBA4DE9102EEA1C7542780A /* Pods_basicnoteapp_EmirAlkalTests.framework */ = {isa = PBXFileReference; explicitFileType = wrapper.framework; includeInIndex = 0; path = Pods_basicnoteapp_EmirAlkalTests.framework; sourceTree = BUILT_PRODUCTS_DIR; };
		886AF1177DE7AF6F6DCB2B57 /* Pods-basicnoteapp-EmirAlkal.release.xcconfig */ = {isa = PBXFileReference; includeInIndex = 1; lastKnownFileType = text.xcconfig; name = "Pods-basicnoteapp-EmirAlkal.release.xcconfig"; path = "Target Support Files/Pods-basicnoteapp-EmirAlkal/Pods-basicnoteapp-EmirAlkal.release.xcconfig"; sourceTree = "<group>"; };
		8E7C287F580852D6E5AE52D2 /* Pods-basicnoteapp-EmirAlkalTests.debug.xcconfig */ = {isa = PBXFileReference; includeInIndex = 1; lastKnownFileType = text.xcconfig; name = "Pods-basicnoteapp-EmirAlkalTests.debug.xcconfig"; path = "Target Support Files/Pods-basicnoteapp-EmirAlkalTests/Pods-basicnoteapp-EmirAlkalTests.debug.xcconfig"; sourceTree = "<group>"; };
		96B37AAE9A7AD79BA646EE7A /* Pods_basicnoteapp_EmirAlkal.framework */ = {isa = PBXFileReference; explicitFileType = wrapper.framework; includeInIndex = 0; path = Pods_basicnoteapp_EmirAlkal.framework; sourceTree = BUILT_PRODUCTS_DIR; };
		A32457DB2870411700A929E6 /* CustomTextField.swift */ = {isa = PBXFileReference; lastKnownFileType = sourcecode.swift; path = CustomTextField.swift; sourceTree = "<group>"; };
		A32457DE2870725700A929E6 /* RegisterViewController+Ext.swift */ = {isa = PBXFileReference; lastKnownFileType = sourcecode.swift; path = "RegisterViewController+Ext.swift"; sourceTree = "<group>"; };
		A32457E028707A5400A929E6 /* NetworkManager.swift */ = {isa = PBXFileReference; lastKnownFileType = sourcecode.swift; path = NetworkManager.swift; sourceTree = "<group>"; };
		A32457E228707AEF00A929E6 /* RegisterModel.swift */ = {isa = PBXFileReference; lastKnownFileType = sourcecode.swift; path = RegisterModel.swift; sourceTree = "<group>"; };
		A330F75D2870E33E00A52B8F /* KeychainItemAccessibility.swift */ = {isa = PBXFileReference; fileEncoding = 4; lastKnownFileType = sourcecode.swift; path = KeychainItemAccessibility.swift; sourceTree = "<group>"; };
		A330F75E2870E33E00A52B8F /* KeychainWrapper.swift */ = {isa = PBXFileReference; fileEncoding = 4; lastKnownFileType = sourcecode.swift; path = KeychainWrapper.swift; sourceTree = "<group>"; };
		A33F21622870875700CE9457 /* RegisterResponseModel.swift */ = {isa = PBXFileReference; lastKnownFileType = sourcecode.swift; path = RegisterResponseModel.swift; sourceTree = "<group>"; };
		A3C2CC9C2874CF5C002CA074 /* UITextField+Ext.swift */ = {isa = PBXFileReference; lastKnownFileType = sourcecode.swift; path = "UITextField+Ext.swift"; sourceTree = "<group>"; };
		DF903B2CC5A77C61B8D623D5 /* Pods-basicnoteapp-EmirAlkal.debug.xcconfig */ = {isa = PBXFileReference; includeInIndex = 1; lastKnownFileType = text.xcconfig; name = "Pods-basicnoteapp-EmirAlkal.debug.xcconfig"; path = "Target Support Files/Pods-basicnoteapp-EmirAlkal/Pods-basicnoteapp-EmirAlkal.debug.xcconfig"; sourceTree = "<group>"; };
/* End PBXFileReference section */

/* Begin PBXFrameworksBuildPhase section */
		048F8FA12869C7C70087B7D4 /* Frameworks */ = {
			isa = PBXFrameworksBuildPhase;
			buildActionMask = 2147483647;
			files = (
				5E9082AB099910AD4B34D75A /* Pods_basicnoteapp_EmirAlkal.framework in Frameworks */,
			);
			runOnlyForDeploymentPostprocessing = 0;
		};
		048F8FBA2869C7C80087B7D4 /* Frameworks */ = {
			isa = PBXFrameworksBuildPhase;
			buildActionMask = 2147483647;
			files = (
				D410DE98F7D5BDF0852CB4D4 /* Pods_basicnoteapp_EmirAlkalTests.framework in Frameworks */,
			);
			runOnlyForDeploymentPostprocessing = 0;
		};
		048F8FC42869C7C80087B7D4 /* Frameworks */ = {
			isa = PBXFrameworksBuildPhase;
			buildActionMask = 2147483647;
			files = (
				F26F4EB497D3C4C7A5D6D1D5 /* Pods_basicnoteapp_EmirAlkal_basicnoteapp_EmirAlkalUITests.framework in Frameworks */,
			);
			runOnlyForDeploymentPostprocessing = 0;
		};
/* End PBXFrameworksBuildPhase section */

/* Begin PBXGroup section */
		048F8F9B2869C7C70087B7D4 = {
			isa = PBXGroup;
			children = (
				048F8FA62869C7C70087B7D4 /* basicnoteapp-EmirAlkal */,
				048F8FC02869C7C80087B7D4 /* basicnoteapp-EmirAlkalTests */,
				048F8FCA2869C7C80087B7D4 /* basicnoteapp-EmirAlkalUITests */,
				048F8FA52869C7C70087B7D4 /* Products */,
				5CACF09786DD08C64EEA0898 /* Pods */,
				DDF78DAC5B4D0C78077B17E9 /* Frameworks */,
			);
			sourceTree = "<group>";
		};
		048F8FA52869C7C70087B7D4 /* Products */ = {
			isa = PBXGroup;
			children = (
				048F8FA42869C7C70087B7D4 /* basicnoteapp-EmirAlkal.app */,
				048F8FBD2869C7C80087B7D4 /* basicnoteapp-EmirAlkalTests.xctest */,
				048F8FC72869C7C80087B7D4 /* basicnoteapp-EmirAlkalUITests.xctest */,
			);
			name = Products;
			sourceTree = "<group>";
		};
		048F8FA62869C7C70087B7D4 /* basicnoteapp-EmirAlkal */ = {
			isa = PBXGroup;
			children = (
				A32457DD2870721600A929E6 /* Extensions */,
				A32457D52870405500A929E6 /* App */,
				A32457D72870408F00A929E6 /* Model */,
				A32457DA287040DC00A929E6 /* View */,
				A32457D9287040CF00A929E6 /* ViewModel */,
				048F8FAD2869C7C70087B7D4 /* Main.storyboard */,
				048F8FB32869C7C80087B7D4 /* Assets.xcassets */,
				048F8FB52869C7C80087B7D4 /* LaunchScreen.storyboard */,
				048F8FB82869C7C80087B7D4 /* Info.plist */,
				048F8FB02869C7C70087B7D4 /* basicnoteapp_EmirAlkal.xcdatamodeld */,
				A330F75D2870E33E00A52B8F /* KeychainItemAccessibility.swift */,
				A330F75E2870E33E00A52B8F /* KeychainWrapper.swift */,
			);
			path = "basicnoteapp-EmirAlkal";
			sourceTree = "<group>";
		};
		048F8FC02869C7C80087B7D4 /* basicnoteapp-EmirAlkalTests */ = {
			isa = PBXGroup;
			children = (
				048F8FC12869C7C80087B7D4 /* basicnoteapp_EmirAlkalTests.swift */,
			);
			path = "basicnoteapp-EmirAlkalTests";
			sourceTree = "<group>";
		};
		048F8FCA2869C7C80087B7D4 /* basicnoteapp-EmirAlkalUITests */ = {
			isa = PBXGroup;
			children = (
				048F8FCB2869C7C80087B7D4 /* basicnoteapp_EmirAlkalUITests.swift */,
				048F8FCD2869C7C80087B7D4 /* basicnoteapp_EmirAlkalUITestsLaunchTests.swift */,
			);
			path = "basicnoteapp-EmirAlkalUITests";
			sourceTree = "<group>";
		};
		5CACF09786DD08C64EEA0898 /* Pods */ = {
			isa = PBXGroup;
			children = (
				DF903B2CC5A77C61B8D623D5 /* Pods-basicnoteapp-EmirAlkal.debug.xcconfig */,
				886AF1177DE7AF6F6DCB2B57 /* Pods-basicnoteapp-EmirAlkal.release.xcconfig */,
				360AC32B6888AEF0F68ACF21 /* Pods-basicnoteapp-EmirAlkal-basicnoteapp-EmirAlkalUITests.debug.xcconfig */,
				2FD3F999E13D68F36BDB71B5 /* Pods-basicnoteapp-EmirAlkal-basicnoteapp-EmirAlkalUITests.release.xcconfig */,
				8E7C287F580852D6E5AE52D2 /* Pods-basicnoteapp-EmirAlkalTests.debug.xcconfig */,
				0B2E24C5C940BFB65ABFFFD8 /* Pods-basicnoteapp-EmirAlkalTests.release.xcconfig */,
			);
			path = Pods;
			sourceTree = "<group>";
		};
		A32457D52870405500A929E6 /* App */ = {
			isa = PBXGroup;
			children = (
				048F8FA72869C7C70087B7D4 /* AppDelegate.swift */,
				048F8FA92869C7C70087B7D4 /* SceneDelegate.swift */,
			);
			path = App;
			sourceTree = "<group>";
		};
		A32457D72870408F00A929E6 /* Model */ = {
			isa = PBXGroup;
			children = (
				A32457E028707A5400A929E6 /* NetworkManager.swift */,
				A32457E228707AEF00A929E6 /* RegisterModel.swift */,
				A33F21622870875700CE9457 /* RegisterResponseModel.swift */,
			);
			path = Model;
			sourceTree = "<group>";
		};
		A32457D9287040CF00A929E6 /* ViewModel */ = {
			isa = PBXGroup;
			children = (
				A32457DB2870411700A929E6 /* CustomTextField.swift */,
			);
			path = ViewModel;
			sourceTree = "<group>";
		};
		A32457DA287040DC00A929E6 /* View */ = {
			isa = PBXGroup;
			children = (
				048F8FAB2869C7C70087B7D4 /* RegisterViewController.swift */,
			);
			path = View;
			sourceTree = "<group>";
		};
		A32457DD2870721600A929E6 /* Extensions */ = {
			isa = PBXGroup;
			children = (
				A32457DE2870725700A929E6 /* RegisterViewController+Ext.swift */,
				A3C2CC9C2874CF5C002CA074 /* UITextField+Ext.swift */,
			);
			path = Extensions;
			sourceTree = "<group>";
		};
		DDF78DAC5B4D0C78077B17E9 /* Frameworks */ = {
			isa = PBXGroup;
			children = (
				96B37AAE9A7AD79BA646EE7A /* Pods_basicnoteapp_EmirAlkal.framework */,
				216EDE9F32AC863D96724B66 /* Pods_basicnoteapp_EmirAlkal_basicnoteapp_EmirAlkalUITests.framework */,
				3CBA4DE9102EEA1C7542780A /* Pods_basicnoteapp_EmirAlkalTests.framework */,
			);
			name = Frameworks;
			sourceTree = "<group>";
		};
/* End PBXGroup section */

/* Begin PBXNativeTarget section */
		048F8FA32869C7C70087B7D4 /* basicnoteapp-EmirAlkal */ = {
			isa = PBXNativeTarget;
			buildConfigurationList = 048F8FD12869C7C80087B7D4 /* Build configuration list for PBXNativeTarget "basicnoteapp-EmirAlkal" */;
			buildPhases = (
				494AE67D9CDAB4D21D68956A /* [CP] Check Pods Manifest.lock */,
				048F8FDC286B1A3D0087B7D4 /* Run SwiftLint */,
				048F8FA02869C7C70087B7D4 /* Sources */,
				048F8FA12869C7C70087B7D4 /* Frameworks */,
				048F8FA22869C7C70087B7D4 /* Resources */,
				E206972C0982658437131786 /* [CP] Embed Pods Frameworks */,
			);
			buildRules = (
			);
			dependencies = (
			);
			name = "basicnoteapp-EmirAlkal";
			productName = "basicnoteapp-EmirAlkal";
			productReference = 048F8FA42869C7C70087B7D4 /* basicnoteapp-EmirAlkal.app */;
			productType = "com.apple.product-type.application";
		};
		048F8FBC2869C7C80087B7D4 /* basicnoteapp-EmirAlkalTests */ = {
			isa = PBXNativeTarget;
			buildConfigurationList = 048F8FD42869C7C80087B7D4 /* Build configuration list for PBXNativeTarget "basicnoteapp-EmirAlkalTests" */;
			buildPhases = (
				5F7A179BC752CB275CD4AD99 /* [CP] Check Pods Manifest.lock */,
				048F8FB92869C7C80087B7D4 /* Sources */,
				048F8FBA2869C7C80087B7D4 /* Frameworks */,
				048F8FBB2869C7C80087B7D4 /* Resources */,
			);
			buildRules = (
			);
			dependencies = (
				048F8FBF2869C7C80087B7D4 /* PBXTargetDependency */,
			);
			name = "basicnoteapp-EmirAlkalTests";
			productName = "basicnoteapp-EmirAlkalTests";
			productReference = 048F8FBD2869C7C80087B7D4 /* basicnoteapp-EmirAlkalTests.xctest */;
			productType = "com.apple.product-type.bundle.unit-test";
		};
		048F8FC62869C7C80087B7D4 /* basicnoteapp-EmirAlkalUITests */ = {
			isa = PBXNativeTarget;
			buildConfigurationList = 048F8FD72869C7C80087B7D4 /* Build configuration list for PBXNativeTarget "basicnoteapp-EmirAlkalUITests" */;
			buildPhases = (
				3530550A3102CBE81BE2EF2C /* [CP] Check Pods Manifest.lock */,
				048F8FC32869C7C80087B7D4 /* Sources */,
				048F8FC42869C7C80087B7D4 /* Frameworks */,
				048F8FC52869C7C80087B7D4 /* Resources */,
				4429CE44FB3A9899FE1F6434 /* [CP] Embed Pods Frameworks */,
			);
			buildRules = (
			);
			dependencies = (
				048F8FC92869C7C80087B7D4 /* PBXTargetDependency */,
			);
			name = "basicnoteapp-EmirAlkalUITests";
			productName = "basicnoteapp-EmirAlkalUITests";
			productReference = 048F8FC72869C7C80087B7D4 /* basicnoteapp-EmirAlkalUITests.xctest */;
			productType = "com.apple.product-type.bundle.ui-testing";
		};
/* End PBXNativeTarget section */

/* Begin PBXProject section */
		048F8F9C2869C7C70087B7D4 /* Project object */ = {
			isa = PBXProject;
			attributes = {
				BuildIndependentTargetsInParallel = 1;
				LastSwiftUpdateCheck = 1340;
				LastUpgradeCheck = 1340;
				TargetAttributes = {
					048F8FA32869C7C70087B7D4 = {
						CreatedOnToolsVersion = 13.4.1;
					};
					048F8FBC2869C7C80087B7D4 = {
						CreatedOnToolsVersion = 13.4.1;
						TestTargetID = 048F8FA32869C7C70087B7D4;
					};
					048F8FC62869C7C80087B7D4 = {
						CreatedOnToolsVersion = 13.4.1;
						TestTargetID = 048F8FA32869C7C70087B7D4;
					};
				};
			};
			buildConfigurationList = 048F8F9F2869C7C70087B7D4 /* Build configuration list for PBXProject "basicnoteapp-EmirAlkal" */;
			compatibilityVersion = "Xcode 13.0";
			developmentRegion = en;
			hasScannedForEncodings = 0;
			knownRegions = (
				en,
				Base,
			);
			mainGroup = 048F8F9B2869C7C70087B7D4;
			productRefGroup = 048F8FA52869C7C70087B7D4 /* Products */;
			projectDirPath = "";
			projectRoot = "";
			targets = (
				048F8FA32869C7C70087B7D4 /* basicnoteapp-EmirAlkal */,
				048F8FBC2869C7C80087B7D4 /* basicnoteapp-EmirAlkalTests */,
				048F8FC62869C7C80087B7D4 /* basicnoteapp-EmirAlkalUITests */,
			);
		};
/* End PBXProject section */

/* Begin PBXResourcesBuildPhase section */
		048F8FA22869C7C70087B7D4 /* Resources */ = {
			isa = PBXResourcesBuildPhase;
			buildActionMask = 2147483647;
			files = (
				048F8FB72869C7C80087B7D4 /* LaunchScreen.storyboard in Resources */,
				048F8FB42869C7C80087B7D4 /* Assets.xcassets in Resources */,
				048F8FAF2869C7C70087B7D4 /* Main.storyboard in Resources */,
			);
			runOnlyForDeploymentPostprocessing = 0;
		};
		048F8FBB2869C7C80087B7D4 /* Resources */ = {
			isa = PBXResourcesBuildPhase;
			buildActionMask = 2147483647;
			files = (
			);
			runOnlyForDeploymentPostprocessing = 0;
		};
		048F8FC52869C7C80087B7D4 /* Resources */ = {
			isa = PBXResourcesBuildPhase;
			buildActionMask = 2147483647;
			files = (
			);
			runOnlyForDeploymentPostprocessing = 0;
		};
/* End PBXResourcesBuildPhase section */

/* Begin PBXShellScriptBuildPhase section */
		048F8FDC286B1A3D0087B7D4 /* Run SwiftLint */ = {
			isa = PBXShellScriptBuildPhase;
			buildActionMask = 2147483647;
			files = (
			);
			inputFileListPaths = (
			);
			inputPaths = (
			);
			name = "Run SwiftLint";
			outputFileListPaths = (
			);
			outputPaths = (
			);
			runOnlyForDeploymentPostprocessing = 0;
			shellPath = /bin/sh;
			shellScript = "\"${PODS_ROOT}/SwiftLint/swiftlint\"\n";
		};
		3530550A3102CBE81BE2EF2C /* [CP] Check Pods Manifest.lock */ = {
			isa = PBXShellScriptBuildPhase;
			buildActionMask = 2147483647;
			files = (
			);
			inputFileListPaths = (
			);
			inputPaths = (
				"${PODS_PODFILE_DIR_PATH}/Podfile.lock",
				"${PODS_ROOT}/Manifest.lock",
			);
			name = "[CP] Check Pods Manifest.lock";
			outputFileListPaths = (
			);
			outputPaths = (
				"$(DERIVED_FILE_DIR)/Pods-basicnoteapp-EmirAlkal-basicnoteapp-EmirAlkalUITests-checkManifestLockResult.txt",
			);
			runOnlyForDeploymentPostprocessing = 0;
			shellPath = /bin/sh;
			shellScript = "diff \"${PODS_PODFILE_DIR_PATH}/Podfile.lock\" \"${PODS_ROOT}/Manifest.lock\" > /dev/null\nif [ $? != 0 ] ; then\n    # print error to STDERR\n    echo \"error: The sandbox is not in sync with the Podfile.lock. Run 'pod install' or update your CocoaPods installation.\" >&2\n    exit 1\nfi\n# This output is used by Xcode 'outputs' to avoid re-running this script phase.\necho \"SUCCESS\" > \"${SCRIPT_OUTPUT_FILE_0}\"\n";
			showEnvVarsInLog = 0;
		};
		4429CE44FB3A9899FE1F6434 /* [CP] Embed Pods Frameworks */ = {
			isa = PBXShellScriptBuildPhase;
			buildActionMask = 2147483647;
			files = (
			);
			inputFileListPaths = (
				"${PODS_ROOT}/Target Support Files/Pods-basicnoteapp-EmirAlkal-basicnoteapp-EmirAlkalUITests/Pods-basicnoteapp-EmirAlkal-basicnoteapp-EmirAlkalUITests-frameworks-${CONFIGURATION}-input-files.xcfilelist",
			);
			name = "[CP] Embed Pods Frameworks";
			outputFileListPaths = (
				"${PODS_ROOT}/Target Support Files/Pods-basicnoteapp-EmirAlkal-basicnoteapp-EmirAlkalUITests/Pods-basicnoteapp-EmirAlkal-basicnoteapp-EmirAlkalUITests-frameworks-${CONFIGURATION}-output-files.xcfilelist",
			);
			runOnlyForDeploymentPostprocessing = 0;
			shellPath = /bin/sh;
			shellScript = "\"${PODS_ROOT}/Target Support Files/Pods-basicnoteapp-EmirAlkal-basicnoteapp-EmirAlkalUITests/Pods-basicnoteapp-EmirAlkal-basicnoteapp-EmirAlkalUITests-frameworks.sh\"\n";
			showEnvVarsInLog = 0;
		};
		494AE67D9CDAB4D21D68956A /* [CP] Check Pods Manifest.lock */ = {
			isa = PBXShellScriptBuildPhase;
			buildActionMask = 2147483647;
			files = (
			);
			inputFileListPaths = (
			);
			inputPaths = (
				"${PODS_PODFILE_DIR_PATH}/Podfile.lock",
				"${PODS_ROOT}/Manifest.lock",
			);
			name = "[CP] Check Pods Manifest.lock";
			outputFileListPaths = (
			);
			outputPaths = (
				"$(DERIVED_FILE_DIR)/Pods-basicnoteapp-EmirAlkal-checkManifestLockResult.txt",
			);
			runOnlyForDeploymentPostprocessing = 0;
			shellPath = /bin/sh;
			shellScript = "diff \"${PODS_PODFILE_DIR_PATH}/Podfile.lock\" \"${PODS_ROOT}/Manifest.lock\" > /dev/null\nif [ $? != 0 ] ; then\n    # print error to STDERR\n    echo \"error: The sandbox is not in sync with the Podfile.lock. Run 'pod install' or update your CocoaPods installation.\" >&2\n    exit 1\nfi\n# This output is used by Xcode 'outputs' to avoid re-running this script phase.\necho \"SUCCESS\" > \"${SCRIPT_OUTPUT_FILE_0}\"\n";
			showEnvVarsInLog = 0;
		};
		5F7A179BC752CB275CD4AD99 /* [CP] Check Pods Manifest.lock */ = {
			isa = PBXShellScriptBuildPhase;
			buildActionMask = 2147483647;
			files = (
			);
			inputFileListPaths = (
			);
			inputPaths = (
				"${PODS_PODFILE_DIR_PATH}/Podfile.lock",
				"${PODS_ROOT}/Manifest.lock",
			);
			name = "[CP] Check Pods Manifest.lock";
			outputFileListPaths = (
			);
			outputPaths = (
				"$(DERIVED_FILE_DIR)/Pods-basicnoteapp-EmirAlkalTests-checkManifestLockResult.txt",
			);
			runOnlyForDeploymentPostprocessing = 0;
			shellPath = /bin/sh;
			shellScript = "diff \"${PODS_PODFILE_DIR_PATH}/Podfile.lock\" \"${PODS_ROOT}/Manifest.lock\" > /dev/null\nif [ $? != 0 ] ; then\n    # print error to STDERR\n    echo \"error: The sandbox is not in sync with the Podfile.lock. Run 'pod install' or update your CocoaPods installation.\" >&2\n    exit 1\nfi\n# This output is used by Xcode 'outputs' to avoid re-running this script phase.\necho \"SUCCESS\" > \"${SCRIPT_OUTPUT_FILE_0}\"\n";
			showEnvVarsInLog = 0;
		};
		E206972C0982658437131786 /* [CP] Embed Pods Frameworks */ = {
			isa = PBXShellScriptBuildPhase;
			buildActionMask = 2147483647;
			files = (
			);
			inputFileListPaths = (
				"${PODS_ROOT}/Target Support Files/Pods-basicnoteapp-EmirAlkal/Pods-basicnoteapp-EmirAlkal-frameworks-${CONFIGURATION}-input-files.xcfilelist",
			);
			name = "[CP] Embed Pods Frameworks";
			outputFileListPaths = (
				"${PODS_ROOT}/Target Support Files/Pods-basicnoteapp-EmirAlkal/Pods-basicnoteapp-EmirAlkal-frameworks-${CONFIGURATION}-output-files.xcfilelist",
			);
			runOnlyForDeploymentPostprocessing = 0;
			shellPath = /bin/sh;
			shellScript = "\"${PODS_ROOT}/Target Support Files/Pods-basicnoteapp-EmirAlkal/Pods-basicnoteapp-EmirAlkal-frameworks.sh\"\n";
			showEnvVarsInLog = 0;
		};
/* End PBXShellScriptBuildPhase section */

/* Begin PBXSourcesBuildPhase section */
		048F8FA02869C7C70087B7D4 /* Sources */ = {
			isa = PBXSourcesBuildPhase;
			buildActionMask = 2147483647;
			files = (
				048F8FAC2869C7C70087B7D4 /* RegisterViewController.swift in Sources */,
				048F8FB22869C7C70087B7D4 /* basicnoteapp_EmirAlkal.xcdatamodeld in Sources */,
				048F8FA82869C7C70087B7D4 /* AppDelegate.swift in Sources */,
				A330F7602870E33E00A52B8F /* KeychainWrapper.swift in Sources */,
				A330F75F2870E33E00A52B8F /* KeychainItemAccessibility.swift in Sources */,
				A32457E128707A5400A929E6 /* NetworkManager.swift in Sources */,
				A32457E328707AEF00A929E6 /* RegisterModel.swift in Sources */,
				A3C2CC9D2874CF5C002CA074 /* UITextField+Ext.swift in Sources */,
				A33F21632870875700CE9457 /* RegisterResponseModel.swift in Sources */,
				048F8FAA2869C7C70087B7D4 /* SceneDelegate.swift in Sources */,
				A32457DF2870725700A929E6 /* RegisterViewController+Ext.swift in Sources */,
				A32457DC2870411700A929E6 /* CustomTextField.swift in Sources */,
			);
			runOnlyForDeploymentPostprocessing = 0;
		};
		048F8FB92869C7C80087B7D4 /* Sources */ = {
			isa = PBXSourcesBuildPhase;
			buildActionMask = 2147483647;
			files = (
				048F8FC22869C7C80087B7D4 /* basicnoteapp_EmirAlkalTests.swift in Sources */,
			);
			runOnlyForDeploymentPostprocessing = 0;
		};
		048F8FC32869C7C80087B7D4 /* Sources */ = {
			isa = PBXSourcesBuildPhase;
			buildActionMask = 2147483647;
			files = (
				048F8FCE2869C7C80087B7D4 /* basicnoteapp_EmirAlkalUITestsLaunchTests.swift in Sources */,
				048F8FCC2869C7C80087B7D4 /* basicnoteapp_EmirAlkalUITests.swift in Sources */,
			);
			runOnlyForDeploymentPostprocessing = 0;
		};
/* End PBXSourcesBuildPhase section */

/* Begin PBXTargetDependency section */
		048F8FBF2869C7C80087B7D4 /* PBXTargetDependency */ = {
			isa = PBXTargetDependency;
			target = 048F8FA32869C7C70087B7D4 /* basicnoteapp-EmirAlkal */;
			targetProxy = 048F8FBE2869C7C80087B7D4 /* PBXContainerItemProxy */;
		};
		048F8FC92869C7C80087B7D4 /* PBXTargetDependency */ = {
			isa = PBXTargetDependency;
			target = 048F8FA32869C7C70087B7D4 /* basicnoteapp-EmirAlkal */;
			targetProxy = 048F8FC82869C7C80087B7D4 /* PBXContainerItemProxy */;
		};
/* End PBXTargetDependency section */

/* Begin PBXVariantGroup section */
		048F8FAD2869C7C70087B7D4 /* Main.storyboard */ = {
			isa = PBXVariantGroup;
			children = (
				048F8FAE2869C7C70087B7D4 /* Base */,
			);
			name = Main.storyboard;
			sourceTree = "<group>";
		};
		048F8FB52869C7C80087B7D4 /* LaunchScreen.storyboard */ = {
			isa = PBXVariantGroup;
			children = (
				048F8FB62869C7C80087B7D4 /* Base */,
			);
			name = LaunchScreen.storyboard;
			sourceTree = "<group>";
		};
/* End PBXVariantGroup section */

/* Begin XCBuildConfiguration section */
		048F8FCF2869C7C80087B7D4 /* Debug */ = {
			isa = XCBuildConfiguration;
			buildSettings = {
				ALWAYS_SEARCH_USER_PATHS = NO;
				CLANG_ANALYZER_NONNULL = YES;
				CLANG_ANALYZER_NUMBER_OBJECT_CONVERSION = YES_AGGRESSIVE;
				CLANG_CXX_LANGUAGE_STANDARD = "gnu++17";
				CLANG_ENABLE_MODULES = YES;
				CLANG_ENABLE_OBJC_ARC = YES;
				CLANG_ENABLE_OBJC_WEAK = YES;
				CLANG_WARN_BLOCK_CAPTURE_AUTORELEASING = YES;
				CLANG_WARN_BOOL_CONVERSION = YES;
				CLANG_WARN_COMMA = YES;
				CLANG_WARN_CONSTANT_CONVERSION = YES;
				CLANG_WARN_DEPRECATED_OBJC_IMPLEMENTATIONS = YES;
				CLANG_WARN_DIRECT_OBJC_ISA_USAGE = YES_ERROR;
				CLANG_WARN_DOCUMENTATION_COMMENTS = YES;
				CLANG_WARN_EMPTY_BODY = YES;
				CLANG_WARN_ENUM_CONVERSION = YES;
				CLANG_WARN_INFINITE_RECURSION = YES;
				CLANG_WARN_INT_CONVERSION = YES;
				CLANG_WARN_NON_LITERAL_NULL_CONVERSION = YES;
				CLANG_WARN_OBJC_IMPLICIT_RETAIN_SELF = YES;
				CLANG_WARN_OBJC_LITERAL_CONVERSION = YES;
				CLANG_WARN_OBJC_ROOT_CLASS = YES_ERROR;
				CLANG_WARN_QUOTED_INCLUDE_IN_FRAMEWORK_HEADER = YES;
				CLANG_WARN_RANGE_LOOP_ANALYSIS = YES;
				CLANG_WARN_STRICT_PROTOTYPES = YES;
				CLANG_WARN_SUSPICIOUS_MOVE = YES;
				CLANG_WARN_UNGUARDED_AVAILABILITY = YES_AGGRESSIVE;
				CLANG_WARN_UNREACHABLE_CODE = YES;
				CLANG_WARN__DUPLICATE_METHOD_MATCH = YES;
				COPY_PHASE_STRIP = NO;
				DEBUG_INFORMATION_FORMAT = dwarf;
				ENABLE_STRICT_OBJC_MSGSEND = YES;
				ENABLE_TESTABILITY = YES;
				GCC_C_LANGUAGE_STANDARD = gnu11;
				GCC_DYNAMIC_NO_PIC = NO;
				GCC_NO_COMMON_BLOCKS = YES;
				GCC_OPTIMIZATION_LEVEL = 0;
				GCC_PREPROCESSOR_DEFINITIONS = (
					"DEBUG=1",
					"$(inherited)",
				);
				GCC_WARN_64_TO_32_BIT_CONVERSION = YES;
				GCC_WARN_ABOUT_RETURN_TYPE = YES_ERROR;
				GCC_WARN_UNDECLARED_SELECTOR = YES;
				GCC_WARN_UNINITIALIZED_AUTOS = YES_AGGRESSIVE;
				GCC_WARN_UNUSED_FUNCTION = YES;
				GCC_WARN_UNUSED_VARIABLE = YES;
				IPHONEOS_DEPLOYMENT_TARGET = 15.5;
				MTL_ENABLE_DEBUG_INFO = INCLUDE_SOURCE;
				MTL_FAST_MATH = YES;
				ONLY_ACTIVE_ARCH = YES;
				SDKROOT = iphoneos;
				SWIFT_ACTIVE_COMPILATION_CONDITIONS = DEBUG;
				SWIFT_OPTIMIZATION_LEVEL = "-Onone";
			};
			name = Debug;
		};
		048F8FD02869C7C80087B7D4 /* Release */ = {
			isa = XCBuildConfiguration;
			buildSettings = {
				ALWAYS_SEARCH_USER_PATHS = NO;
				CLANG_ANALYZER_NONNULL = YES;
				CLANG_ANALYZER_NUMBER_OBJECT_CONVERSION = YES_AGGRESSIVE;
				CLANG_CXX_LANGUAGE_STANDARD = "gnu++17";
				CLANG_ENABLE_MODULES = YES;
				CLANG_ENABLE_OBJC_ARC = YES;
				CLANG_ENABLE_OBJC_WEAK = YES;
				CLANG_WARN_BLOCK_CAPTURE_AUTORELEASING = YES;
				CLANG_WARN_BOOL_CONVERSION = YES;
				CLANG_WARN_COMMA = YES;
				CLANG_WARN_CONSTANT_CONVERSION = YES;
				CLANG_WARN_DEPRECATED_OBJC_IMPLEMENTATIONS = YES;
				CLANG_WARN_DIRECT_OBJC_ISA_USAGE = YES_ERROR;
				CLANG_WARN_DOCUMENTATION_COMMENTS = YES;
				CLANG_WARN_EMPTY_BODY = YES;
				CLANG_WARN_ENUM_CONVERSION = YES;
				CLANG_WARN_INFINITE_RECURSION = YES;
				CLANG_WARN_INT_CONVERSION = YES;
				CLANG_WARN_NON_LITERAL_NULL_CONVERSION = YES;
				CLANG_WARN_OBJC_IMPLICIT_RETAIN_SELF = YES;
				CLANG_WARN_OBJC_LITERAL_CONVERSION = YES;
				CLANG_WARN_OBJC_ROOT_CLASS = YES_ERROR;
				CLANG_WARN_QUOTED_INCLUDE_IN_FRAMEWORK_HEADER = YES;
				CLANG_WARN_RANGE_LOOP_ANALYSIS = YES;
				CLANG_WARN_STRICT_PROTOTYPES = YES;
				CLANG_WARN_SUSPICIOUS_MOVE = YES;
				CLANG_WARN_UNGUARDED_AVAILABILITY = YES_AGGRESSIVE;
				CLANG_WARN_UNREACHABLE_CODE = YES;
				CLANG_WARN__DUPLICATE_METHOD_MATCH = YES;
				COPY_PHASE_STRIP = NO;
				DEBUG_INFORMATION_FORMAT = "dwarf-with-dsym";
				ENABLE_NS_ASSERTIONS = NO;
				ENABLE_STRICT_OBJC_MSGSEND = YES;
				GCC_C_LANGUAGE_STANDARD = gnu11;
				GCC_NO_COMMON_BLOCKS = YES;
				GCC_WARN_64_TO_32_BIT_CONVERSION = YES;
				GCC_WARN_ABOUT_RETURN_TYPE = YES_ERROR;
				GCC_WARN_UNDECLARED_SELECTOR = YES;
				GCC_WARN_UNINITIALIZED_AUTOS = YES_AGGRESSIVE;
				GCC_WARN_UNUSED_FUNCTION = YES;
				GCC_WARN_UNUSED_VARIABLE = YES;
				IPHONEOS_DEPLOYMENT_TARGET = 15.5;
				MTL_ENABLE_DEBUG_INFO = NO;
				MTL_FAST_MATH = YES;
				SDKROOT = iphoneos;
				SWIFT_COMPILATION_MODE = wholemodule;
				SWIFT_OPTIMIZATION_LEVEL = "-O";
				VALIDATE_PRODUCT = YES;
			};
			name = Release;
		};
		048F8FD22869C7C80087B7D4 /* Debug */ = {
			isa = XCBuildConfiguration;
			baseConfigurationReference = DF903B2CC5A77C61B8D623D5 /* Pods-basicnoteapp-EmirAlkal.debug.xcconfig */;
			buildSettings = {
				ASSETCATALOG_COMPILER_APPICON_NAME = AppIcon;
				ASSETCATALOG_COMPILER_GLOBAL_ACCENT_COLOR_NAME = AccentColor;
				CODE_SIGN_STYLE = Automatic;
				CURRENT_PROJECT_VERSION = 1;
				DEVELOPMENT_TEAM = J24DR36CFW;
				GENERATE_INFOPLIST_FILE = YES;
				INFOPLIST_FILE = "basicnoteapp-EmirAlkal/Info.plist";
				INFOPLIST_KEY_UIApplicationSupportsIndirectInputEvents = YES;
				INFOPLIST_KEY_UILaunchStoryboardName = LaunchScreen;
				INFOPLIST_KEY_UIMainStoryboardFile = Main;
				INFOPLIST_KEY_UISupportedInterfaceOrientations_iPad = "UIInterfaceOrientationPortrait UIInterfaceOrientationPortraitUpsideDown UIInterfaceOrientationLandscapeLeft UIInterfaceOrientationLandscapeRight";
				INFOPLIST_KEY_UISupportedInterfaceOrientations_iPhone = "UIInterfaceOrientationPortrait UIInterfaceOrientationLandscapeLeft UIInterfaceOrientationLandscapeRight";
				LD_RUNPATH_SEARCH_PATHS = (
					"$(inherited)",
					"@executable_path/Frameworks",
				);
				MARKETING_VERSION = 1.0;
				PRODUCT_BUNDLE_IDENTIFIER = "com.alkalemir.basicnoteapp-EmirAlkal";
				PRODUCT_NAME = "$(TARGET_NAME)";
				SWIFT_EMIT_LOC_STRINGS = YES;
				SWIFT_VERSION = 5.0;
				TARGETED_DEVICE_FAMILY = "1,2";
			};
			name = Debug;
		};
		048F8FD32869C7C80087B7D4 /* Release */ = {
			isa = XCBuildConfiguration;
			baseConfigurationReference = 886AF1177DE7AF6F6DCB2B57 /* Pods-basicnoteapp-EmirAlkal.release.xcconfig */;
			buildSettings = {
				ASSETCATALOG_COMPILER_APPICON_NAME = AppIcon;
				ASSETCATALOG_COMPILER_GLOBAL_ACCENT_COLOR_NAME = AccentColor;
				CODE_SIGN_STYLE = Automatic;
				CURRENT_PROJECT_VERSION = 1;
				DEVELOPMENT_TEAM = J24DR36CFW;
				GENERATE_INFOPLIST_FILE = YES;
				INFOPLIST_FILE = "basicnoteapp-EmirAlkal/Info.plist";
				INFOPLIST_KEY_UIApplicationSupportsIndirectInputEvents = YES;
				INFOPLIST_KEY_UILaunchStoryboardName = LaunchScreen;
				INFOPLIST_KEY_UIMainStoryboardFile = Main;
				INFOPLIST_KEY_UISupportedInterfaceOrientations_iPad = "UIInterfaceOrientationPortrait UIInterfaceOrientationPortraitUpsideDown UIInterfaceOrientationLandscapeLeft UIInterfaceOrientationLandscapeRight";
				INFOPLIST_KEY_UISupportedInterfaceOrientations_iPhone = "UIInterfaceOrientationPortrait UIInterfaceOrientationLandscapeLeft UIInterfaceOrientationLandscapeRight";
				LD_RUNPATH_SEARCH_PATHS = (
					"$(inherited)",
					"@executable_path/Frameworks",
				);
				MARKETING_VERSION = 1.0;
				PRODUCT_BUNDLE_IDENTIFIER = "com.alkalemir.basicnoteapp-EmirAlkal";
				PRODUCT_NAME = "$(TARGET_NAME)";
				SWIFT_EMIT_LOC_STRINGS = YES;
				SWIFT_VERSION = 5.0;
				TARGETED_DEVICE_FAMILY = "1,2";
			};
			name = Release;
		};
		048F8FD52869C7C80087B7D4 /* Debug */ = {
			isa = XCBuildConfiguration;
			baseConfigurationReference = 8E7C287F580852D6E5AE52D2 /* Pods-basicnoteapp-EmirAlkalTests.debug.xcconfig */;
			buildSettings = {
				ALWAYS_EMBED_SWIFT_STANDARD_LIBRARIES = YES;
				BUNDLE_LOADER = "$(TEST_HOST)";
				CODE_SIGN_STYLE = Automatic;
				CURRENT_PROJECT_VERSION = 1;
				DEVELOPMENT_TEAM = J24DR36CFW;
				GENERATE_INFOPLIST_FILE = YES;
				IPHONEOS_DEPLOYMENT_TARGET = 15.5;
				MARKETING_VERSION = 1.0;
				PRODUCT_BUNDLE_IDENTIFIER = "com.alkalemir.basicnoteapp-EmirAlkalTests";
				PRODUCT_NAME = "$(TARGET_NAME)";
				SWIFT_EMIT_LOC_STRINGS = NO;
				SWIFT_VERSION = 5.0;
				TARGETED_DEVICE_FAMILY = "1,2";
				TEST_HOST = "$(BUILT_PRODUCTS_DIR)/basicnoteapp-EmirAlkal.app/basicnoteapp-EmirAlkal";
			};
			name = Debug;
		};
		048F8FD62869C7C80087B7D4 /* Release */ = {
			isa = XCBuildConfiguration;
			baseConfigurationReference = 0B2E24C5C940BFB65ABFFFD8 /* Pods-basicnoteapp-EmirAlkalTests.release.xcconfig */;
			buildSettings = {
				ALWAYS_EMBED_SWIFT_STANDARD_LIBRARIES = YES;
				BUNDLE_LOADER = "$(TEST_HOST)";
				CODE_SIGN_STYLE = Automatic;
				CURRENT_PROJECT_VERSION = 1;
				DEVELOPMENT_TEAM = J24DR36CFW;
				GENERATE_INFOPLIST_FILE = YES;
				IPHONEOS_DEPLOYMENT_TARGET = 15.5;
				MARKETING_VERSION = 1.0;
				PRODUCT_BUNDLE_IDENTIFIER = "com.alkalemir.basicnoteapp-EmirAlkalTests";
				PRODUCT_NAME = "$(TARGET_NAME)";
				SWIFT_EMIT_LOC_STRINGS = NO;
				SWIFT_VERSION = 5.0;
				TARGETED_DEVICE_FAMILY = "1,2";
				TEST_HOST = "$(BUILT_PRODUCTS_DIR)/basicnoteapp-EmirAlkal.app/basicnoteapp-EmirAlkal";
			};
			name = Release;
		};
		048F8FD82869C7C80087B7D4 /* Debug */ = {
			isa = XCBuildConfiguration;
			baseConfigurationReference = 360AC32B6888AEF0F68ACF21 /* Pods-basicnoteapp-EmirAlkal-basicnoteapp-EmirAlkalUITests.debug.xcconfig */;
			buildSettings = {
				ALWAYS_EMBED_SWIFT_STANDARD_LIBRARIES = YES;
				CODE_SIGN_STYLE = Automatic;
				CURRENT_PROJECT_VERSION = 1;
				DEVELOPMENT_TEAM = J24DR36CFW;
				GENERATE_INFOPLIST_FILE = YES;
				MARKETING_VERSION = 1.0;
				PRODUCT_BUNDLE_IDENTIFIER = "com.alkalemir.basicnoteapp-EmirAlkalUITests";
				PRODUCT_NAME = "$(TARGET_NAME)";
				SWIFT_EMIT_LOC_STRINGS = NO;
				SWIFT_VERSION = 5.0;
				TARGETED_DEVICE_FAMILY = "1,2";
				TEST_TARGET_NAME = "basicnoteapp-EmirAlkal";
			};
			name = Debug;
		};
		048F8FD92869C7C80087B7D4 /* Release */ = {
			isa = XCBuildConfiguration;
			baseConfigurationReference = 2FD3F999E13D68F36BDB71B5 /* Pods-basicnoteapp-EmirAlkal-basicnoteapp-EmirAlkalUITests.release.xcconfig */;
			buildSettings = {
				ALWAYS_EMBED_SWIFT_STANDARD_LIBRARIES = YES;
				CODE_SIGN_STYLE = Automatic;
				CURRENT_PROJECT_VERSION = 1;
				DEVELOPMENT_TEAM = J24DR36CFW;
				GENERATE_INFOPLIST_FILE = YES;
				MARKETING_VERSION = 1.0;
				PRODUCT_BUNDLE_IDENTIFIER = "com.alkalemir.basicnoteapp-EmirAlkalUITests";
				PRODUCT_NAME = "$(TARGET_NAME)";
				SWIFT_EMIT_LOC_STRINGS = NO;
				SWIFT_VERSION = 5.0;
				TARGETED_DEVICE_FAMILY = "1,2";
				TEST_TARGET_NAME = "basicnoteapp-EmirAlkal";
			};
			name = Release;
		};
/* End XCBuildConfiguration section */

/* Begin XCConfigurationList section */
		048F8F9F2869C7C70087B7D4 /* Build configuration list for PBXProject "basicnoteapp-EmirAlkal" */ = {
			isa = XCConfigurationList;
			buildConfigurations = (
				048F8FCF2869C7C80087B7D4 /* Debug */,
				048F8FD02869C7C80087B7D4 /* Release */,
			);
			defaultConfigurationIsVisible = 0;
			defaultConfigurationName = Release;
		};
		048F8FD12869C7C80087B7D4 /* Build configuration list for PBXNativeTarget "basicnoteapp-EmirAlkal" */ = {
			isa = XCConfigurationList;
			buildConfigurations = (
				048F8FD22869C7C80087B7D4 /* Debug */,
				048F8FD32869C7C80087B7D4 /* Release */,
			);
			defaultConfigurationIsVisible = 0;
			defaultConfigurationName = Release;
		};
		048F8FD42869C7C80087B7D4 /* Build configuration list for PBXNativeTarget "basicnoteapp-EmirAlkalTests" */ = {
			isa = XCConfigurationList;
			buildConfigurations = (
				048F8FD52869C7C80087B7D4 /* Debug */,
				048F8FD62869C7C80087B7D4 /* Release */,
			);
			defaultConfigurationIsVisible = 0;
			defaultConfigurationName = Release;
		};
		048F8FD72869C7C80087B7D4 /* Build configuration list for PBXNativeTarget "basicnoteapp-EmirAlkalUITests" */ = {
			isa = XCConfigurationList;
			buildConfigurations = (
				048F8FD82869C7C80087B7D4 /* Debug */,
				048F8FD92869C7C80087B7D4 /* Release */,
			);
			defaultConfigurationIsVisible = 0;
			defaultConfigurationName = Release;
		};
/* End XCConfigurationList section */

/* Begin XCVersionGroup section */
		048F8FB02869C7C70087B7D4 /* basicnoteapp_EmirAlkal.xcdatamodeld */ = {
			isa = XCVersionGroup;
			children = (
				048F8FB12869C7C70087B7D4 /* basicnoteapp_EmirAlkal.xcdatamodel */,
			);
			currentVersion = 048F8FB12869C7C70087B7D4 /* basicnoteapp_EmirAlkal.xcdatamodel */;
			path = basicnoteapp_EmirAlkal.xcdatamodeld;
			sourceTree = "<group>";
			versionGroupType = wrapper.xcdatamodel;
		};
/* End XCVersionGroup section */
	};
	rootObject = 048F8F9C2869C7C70087B7D4 /* Project object */;
}
